
Microsoft Visual Studio Solution File, Format Version 12.00
# Visual Studio Version 16
VisualStudioVersion = 16.0.30114.105
MinimumVisualStudioVersion = 10.0.40219.1
Project("{FAE04EC0-301F-11D3-BF4B-00C04F79EFBC}") = "API", "API\API.csproj", "{26329B82-9E80-4DE8-987D-96E4DCE60EE8}"
EndProject
Project("{FAE04EC0-301F-11D3-BF4B-00C04F79EFBC}") = "Application", "Application\Application.csproj", "{2655367B-F131-405C-B0FF-167E75219CEA}"
EndProject
Project("{FAE04EC0-301F-11D3-BF4B-00C04F79EFBC}") = "Domain", "Domain\Domain.csproj", "{2B8AAAC5-E260-43DF-BEB6-9A82AF2184B2}"
EndProject
Project("{FAE04EC0-301F-11D3-BF4B-00C04F79EFBC}") = "Persistence", "Persistence\Persistence.csproj", "{CC8AA268-772A-40E7-81BF-2E883033C171}"
EndProject
Global
	GlobalSection(SolutionConfigurationPlatforms) = preSolution
		Debug|Any CPU = Debug|Any CPU
		Debug|x64 = Debug|x64
		Debug|x86 = Debug|x86
		Release|Any CPU = Release|Any CPU
		Release|x64 = Release|x64
		Release|x86 = Release|x86
	EndGlobalSection
	GlobalSection(SolutionProperties) = preSolution
		HideSolutionNode = FALSE
	EndGlobalSection
	GlobalSection(ProjectConfigurationPlatforms) = postSolution
		{26329B82-9E80-4DE8-987D-96E4DCE60EE8}.Debug|Any CPU.ActiveCfg = Debug|Any CPU
		{26329B82-9E80-4DE8-987D-96E4DCE60EE8}.Debug|Any CPU.Build.0 = Debug|Any CPU
		{26329B82-9E80-4DE8-987D-96E4DCE60EE8}.Debug|x64.ActiveCfg = Debug|Any CPU
		{26329B82-9E80-4DE8-987D-96E4DCE60EE8}.Debug|x64.Build.0 = Debug|Any CPU
		{26329B82-9E80-4DE8-987D-96E4DCE60EE8}.Debug|x86.ActiveCfg = Debug|Any CPU
		{26329B82-9E80-4DE8-987D-96E4DCE60EE8}.Debug|x86.Build.0 = Debug|Any CPU
		{26329B82-9E80-4DE8-987D-96E4DCE60EE8}.Release|Any CPU.ActiveCfg = Release|Any CPU
		{26329B82-9E80-4DE8-987D-96E4DCE60EE8}.Release|Any CPU.Build.0 = Release|Any CPU
		{26329B82-9E80-4DE8-987D-96E4DCE60EE8}.Release|x64.ActiveCfg = Release|Any CPU
		{26329B82-9E80-4DE8-987D-96E4DCE60EE8}.Release|x64.Build.0 = Release|Any CPU
		{26329B82-9E80-4DE8-987D-96E4DCE60EE8}.Release|x86.ActiveCfg = Release|Any CPU
		{26329B82-9E80-4DE8-987D-96E4DCE60EE8}.Release|x86.Build.0 = Release|Any CPU
		{2655367B-F131-405C-B0FF-167E75219CEA}.Debug|Any CPU.ActiveCfg = Debug|Any CPU
		{2655367B-F131-405C-B0FF-167E75219CEA}.Debug|Any CPU.Build.0 = Debug|Any CPU
		{2655367B-F131-405C-B0FF-167E75219CEA}.Debug|x64.ActiveCfg = Debug|Any CPU
		{2655367B-F131-405C-B0FF-167E75219CEA}.Debug|x64.Build.0 = Debug|Any CPU
		{2655367B-F131-405C-B0FF-167E75219CEA}.Debug|x86.ActiveCfg = Debug|Any CPU
		{2655367B-F131-405C-B0FF-167E75219CEA}.Debug|x86.Build.0 = Debug|Any CPU
		{2655367B-F131-405C-B0FF-167E75219CEA}.Release|Any CPU.ActiveCfg = Release|Any CPU
		{2655367B-F131-405C-B0FF-167E75219CEA}.Release|Any CPU.Build.0 = Release|Any CPU
		{2655367B-F131-405C-B0FF-167E75219CEA}.Release|x64.ActiveCfg = Release|Any CPU
		{2655367B-F131-405C-B0FF-167E75219CEA}.Release|x64.Build.0 = Release|Any CPU
		{2655367B-F131-405C-B0FF-167E75219CEA}.Release|x86.ActiveCfg = Release|Any CPU
		{2655367B-F131-405C-B0FF-167E75219CEA}.Release|x86.Build.0 = Release|Any CPU
		{2B8AAAC5-E260-43DF-BEB6-9A82AF2184B2}.Debug|Any CPU.ActiveCfg = Debug|Any CPU
		{2B8AAAC5-E260-43DF-BEB6-9A82AF2184B2}.Debug|Any CPU.Build.0 = Debug|Any CPU
		{2B8AAAC5-E260-43DF-BEB6-9A82AF2184B2}.Debug|x64.ActiveCfg = Debug|Any CPU
		{2B8AAAC5-E260-43DF-BEB6-9A82AF2184B2}.Debug|x64.Build.0 = Debug|Any CPU
		{2B8AAAC5-E260-43DF-BEB6-9A82AF2184B2}.Debug|x86.ActiveCfg = Debug|Any CPU
		{2B8AAAC5-E260-43DF-BEB6-9A82AF2184B2}.Debug|x86.Build.0 = Debug|Any CPU
		{2B8AAAC5-E260-43DF-BEB6-9A82AF2184B2}.Release|Any CPU.ActiveCfg = Release|Any CPU
		{2B8AAAC5-E260-43DF-BEB6-9A82AF2184B2}.Release|Any CPU.Build.0 = Release|Any CPU
		{2B8AAAC5-E260-43DF-BEB6-9A82AF2184B2}.Release|x64.ActiveCfg = Release|Any CPU
		{2B8AAAC5-E260-43DF-BEB6-9A82AF2184B2}.Release|x64.Build.0 = Release|Any CPU
		{2B8AAAC5-E260-43DF-BEB6-9A82AF2184B2}.Release|x86.ActiveCfg = Release|Any CPU
		{2B8AAAC5-E260-43DF-BEB6-9A82AF2184B2}.Release|x86.Build.0 = Release|Any CPU
		{CC8AA268-772A-40E7-81BF-2E883033C171}.Debug|Any CPU.ActiveCfg = Debug|Any CPU
		{CC8AA268-772A-40E7-81BF-2E883033C171}.Debug|Any CPU.Build.0 = Debug|Any CPU
		{CC8AA268-772A-40E7-81BF-2E883033C171}.Debug|x64.ActiveCfg = Debug|Any CPU
		{CC8AA268-772A-40E7-81BF-2E883033C171}.Debug|x64.Build.0 = Debug|Any CPU
		{CC8AA268-772A-40E7-81BF-2E883033C171}.Debug|x86.ActiveCfg = Debug|Any CPU
		{CC8AA268-772A-40E7-81BF-2E883033C171}.Debug|x86.Build.0 = Debug|Any CPU
		{CC8AA268-772A-40E7-81BF-2E883033C171}.Release|Any CPU.ActiveCfg = Release|Any CPU
		{CC8AA268-772A-40E7-81BF-2E883033C171}.Release|Any CPU.Build.0 = Release|Any CPU
		{CC8AA268-772A-40E7-81BF-2E883033C171}.Release|x64.ActiveCfg = Release|Any CPU
		{CC8AA268-772A-40E7-81BF-2E883033C171}.Release|x64.Build.0 = Release|Any CPU
		{CC8AA268-772A-40E7-81BF-2E883033C171}.Release|x86.ActiveCfg = Release|Any CPU
		{CC8AA268-772A-40E7-81BF-2E883033C171}.Release|x86.Build.0 = Release|Any CPU
	EndGlobalSection
EndGlobal
